// !$*UTF8*$!
{
	archiveVersion = 1;
	classes = {
	};
	objectVersion = 50;
	objects = {

/* Begin PBXBuildFile section */
		297F74D82382162800E51C97 /* AppDelegate.swift in Sources */ = {isa = PBXBuildFile; fileRef = 297F74D72382162800E51C97 /* AppDelegate.swift */; };
		297F74DA2382162800E51C97 /* SceneDelegate.swift in Sources */ = {isa = PBXBuildFile; fileRef = 297F74D92382162800E51C97 /* SceneDelegate.swift */; };
		297F74DC2382162800E51C97 /* ContentView.swift in Sources */ = {isa = PBXBuildFile; fileRef = 297F74DB2382162800E51C97 /* ContentView.swift */; };
		297F74DE2382162C00E51C97 /* Assets.xcassets in Resources */ = {isa = PBXBuildFile; fileRef = 297F74DD2382162C00E51C97 /* Assets.xcassets */; };
		297F74E12382162C00E51C97 /* Preview Assets.xcassets in Resources */ = {isa = PBXBuildFile; fileRef = 297F74E02382162C00E51C97 /* Preview Assets.xcassets */; };
		297F74E42382162C00E51C97 /* LaunchScreen.storyboard in Resources */ = {isa = PBXBuildFile; fileRef = 297F74E22382162C00E51C97 /* LaunchScreen.storyboard */; };
		FD444E22AB6DA7698BAEF55E /* Pods_FormBuilding.framework in Frameworks */ = {isa = PBXBuildFile; fileRef = 4208386583A36984A7FB899E /* Pods_FormBuilding.framework */; };
/* End PBXBuildFile section */

/* Begin PBXFileReference section */
		297F74D42382162800E51C97 /* FormBuilding.app */ = {isa = PBXFileReference; explicitFileType = wrapper.application; includeInIndex = 0; path = FormBuilding.app; sourceTree = BUILT_PRODUCTS_DIR; };
		297F74D72382162800E51C97 /* AppDelegate.swift */ = {isa = PBXFileReference; lastKnownFileType = sourcecode.swift; path = AppDelegate.swift; sourceTree = "<group>"; };
		297F74D92382162800E51C97 /* SceneDelegate.swift */ = {isa = PBXFileReference; lastKnownFileType = sourcecode.swift; path = SceneDelegate.swift; sourceTree = "<group>"; };
		297F74DB2382162800E51C97 /* ContentView.swift */ = {isa = PBXFileReference; lastKnownFileType = sourcecode.swift; path = ContentView.swift; sourceTree = "<group>"; };
		297F74DD2382162C00E51C97 /* Assets.xcassets */ = {isa = PBXFileReference; lastKnownFileType = folder.assetcatalog; path = Assets.xcassets; sourceTree = "<group>"; };
		297F74E02382162C00E51C97 /* Preview Assets.xcassets */ = {isa = PBXFileReference; lastKnownFileType = folder.assetcatalog; path = "Preview Assets.xcassets"; sourceTree = "<group>"; };
		297F74E32382162C00E51C97 /* Base */ = {isa = PBXFileReference; lastKnownFileType = file.storyboard; name = Base; path = Base.lproj/LaunchScreen.storyboard; sourceTree = "<group>"; };
		297F74E52382162C00E51C97 /* Info.plist */ = {isa = PBXFileReference; lastKnownFileType = text.plist.xml; path = Info.plist; sourceTree = "<group>"; };
		3E9A16597B67CBC1C248F8DB /* Pods-FormBuilding.release.xcconfig */ = {isa = PBXFileReference; includeInIndex = 1; lastKnownFileType = text.xcconfig; name = "Pods-FormBuilding.release.xcconfig"; path = "Target Support Files/Pods-FormBuilding/Pods-FormBuilding.release.xcconfig"; sourceTree = "<group>"; };
		4208386583A36984A7FB899E /* Pods_FormBuilding.framework */ = {isa = PBXFileReference; explicitFileType = wrapper.framework; includeInIndex = 0; path = Pods_FormBuilding.framework; sourceTree = BUILT_PRODUCTS_DIR; };
		CCBE518E4DD856894B64087A /* Pods-FormBuilding.debug.xcconfig */ = {isa = PBXFileReference; includeInIndex = 1; lastKnownFileType = text.xcconfig; name = "Pods-FormBuilding.debug.xcconfig"; path = "Target Support Files/Pods-FormBuilding/Pods-FormBuilding.debug.xcconfig"; sourceTree = "<group>"; };
/* End PBXFileReference section */

/* Begin PBXFrameworksBuildPhase section */
		297F74D12382162800E51C97 /* Frameworks */ = {
			isa = PBXFrameworksBuildPhase;
			buildActionMask = 2147483647;
			files = (
				FD444E22AB6DA7698BAEF55E /* Pods_FormBuilding.framework in Frameworks */,
			);
			runOnlyForDeploymentPostprocessing = 0;
		};
/* End PBXFrameworksBuildPhase section */

/* Begin PBXGroup section */
		0917B62FF52506E87FF3F3D0 /* Frameworks */ = {
			isa = PBXGroup;
			children = (
				4208386583A36984A7FB899E /* Pods_FormBuilding.framework */,
			);
			name = Frameworks;
			sourceTree = "<group>";
		};
		297F74CB2382162800E51C97 = {
			isa = PBXGroup;
			children = (
				297F74D62382162800E51C97 /* FormBuilding */,
				297F74D52382162800E51C97 /* Products */,
				A56DCE1D4418C6D94761464F /* Pods */,
				0917B62FF52506E87FF3F3D0 /* Frameworks */,
			);
			sourceTree = "<group>";
		};
		297F74D52382162800E51C97 /* Products */ = {
			isa = PBXGroup;
			children = (
				297F74D42382162800E51C97 /* FormBuilding.app */,
			);
			name = Products;
			sourceTree = "<group>";
		};
		297F74D62382162800E51C97 /* FormBuilding */ = {
			isa = PBXGroup;
			children = (
				297F74D72382162800E51C97 /* AppDelegate.swift */,
				297F74D92382162800E51C97 /* SceneDelegate.swift */,
				297F74DB2382162800E51C97 /* ContentView.swift */,
				297F74DD2382162C00E51C97 /* Assets.xcassets */,
				297F74E22382162C00E51C97 /* LaunchScreen.storyboard */,
				297F74E52382162C00E51C97 /* Info.plist */,
				297F74DF2382162C00E51C97 /* Preview Content */,
			);
			path = FormBuilding;
			sourceTree = "<group>";
		};
		297F74DF2382162C00E51C97 /* Preview Content */ = {
			isa = PBXGroup;
			children = (
				297F74E02382162C00E51C97 /* Preview Assets.xcassets */,
			);
			path = "Preview Content";
			sourceTree = "<group>";
		};
		A56DCE1D4418C6D94761464F /* Pods */ = {
			isa = PBXGroup;
			children = (
				CCBE518E4DD856894B64087A /* Pods-FormBuilding.debug.xcconfig */,
				3E9A16597B67CBC1C248F8DB /* Pods-FormBuilding.release.xcconfig */,
			);
			name = Pods;
			path = Pods;
			sourceTree = "<group>";
		};
/* End PBXGroup section */

/* Begin PBXNativeTarget section */
		297F74D32382162800E51C97 /* FormBuilding */ = {
			isa = PBXNativeTarget;
			buildConfigurationList = 297F74E82382162C00E51C97 /* Build configuration list for PBXNativeTarget "FormBuilding" */;
			buildPhases = (
				41F48FE71A2E0D783AC80216 /* [CP] Check Pods Manifest.lock */,
				297F74D02382162800E51C97 /* Sources */,
				297F74D12382162800E51C97 /* Frameworks */,
				297F74D22382162800E51C97 /* Resources */,
			);
			buildRules = (
			);
			dependencies = (
			);
			name = FormBuilding;
			productName = FormBuilding;
			productReference = 297F74D42382162800E51C97 /* FormBuilding.app */;
			productType = "com.apple.product-type.application";
		};
/* End PBXNativeTarget section */

/* Begin PBXProject section */
		297F74CC2382162800E51C97 /* Project object */ = {
			isa = PBXProject;
			attributes = {
				LastSwiftUpdateCheck = 1110;
				LastUpgradeCheck = 1110;
				ORGANIZATIONNAME = Jagoth;
				TargetAttributes = {
					297F74D32382162800E51C97 = {
						CreatedOnToolsVersion = 11.1;
					};
				};
			};
			buildConfigurationList = 297F74CF2382162800E51C97 /* Build configuration list for PBXProject "FormBuilding" */;
			compatibilityVersion = "Xcode 9.3";
			developmentRegion = en;
			hasScannedForEncodings = 0;
			knownRegions = (
				en,
				Base,
			);
			mainGroup = 297F74CB2382162800E51C97;
			productRefGroup = 297F74D52382162800E51C97 /* Products */;
			projectDirPath = "";
			projectRoot = "";
			targets = (
				297F74D32382162800E51C97 /* FormBuilding */,
			);
		};
/* End PBXProject section */

/* Begin PBXResourcesBuildPhase section */
		297F74D22382162800E51C97 /* Resources */ = {
			isa = PBXResourcesBuildPhase;
			buildActionMask = 2147483647;
			files = (
				297F74E42382162C00E51C97 /* LaunchScreen.storyboard in Resources */,
				297F74E12382162C00E51C97 /* Preview Assets.xcassets in Resources */,
				297F74DE2382162C00E51C97 /* Assets.xcassets in Resources */,
			);
			runOnlyForDeploymentPostprocessing = 0;
		};
/* End PBXResourcesBuildPhase section */

/* Begin PBXShellScriptBuildPhase section */
		41F48FE71A2E0D783AC80216 /* [CP] Check Pods Manifest.lock */ = {
			isa = PBXShellScriptBuildPhase;
			buildActionMask = 2147483647;
			files = (
			);
			inputFileListPaths = (
			);
			inputPaths = (
				"${PODS_PODFILE_DIR_PATH}/Podfile.lock",
				"${PODS_ROOT}/Manifest.lock",
			);
			name = "[CP] Check Pods Manifest.lock";
			outputFileListPaths = (
			);
			outputPaths = (
				"$(DERIVED_FILE_DIR)/Pods-FormBuilding-checkManifestLockResult.txt",
			);
			runOnlyForDeploymentPostprocessing = 0;
			shellPath = /bin/sh;
			shellScript = "diff \"${PODS_PODFILE_DIR_PATH}/Podfile.lock\" \"${PODS_ROOT}/Manifest.lock\" > /dev/null\nif [ $? != 0 ] ; then\n    # print error to STDERR\n    echo \"error: The sandbox is not in sync with the Podfile.lock. Run 'pod install' or update your CocoaPods installation.\" >&2\n    exit 1\nfi\n# This output is used by Xcode 'outputs' to avoid re-running this script phase.\necho \"SUCCESS\" > \"${SCRIPT_OUTPUT_FILE_0}\"\n";
			showEnvVarsInLog = 0;
		};
/* End PBXShellScriptBuildPhase section */

/* Begin PBXSourcesBuildPhase section */
		297F74D02382162800E51C97 /* Sources */ = {
			isa = PBXSourcesBuildPhase;
			buildActionMask = 2147483647;
			files = (
				297F74D82382162800E51C97 /* AppDelegate.swift in Sources */,
				297F74DA2382162800E51C97 /* SceneDelegate.swift in Sources */,
				297F74DC2382162800E51C97 /* ContentView.swift in Sources */,
			);
			runOnlyForDeploymentPostprocessing = 0;
		};
/* End PBXSourcesBuildPhase section */

/* Begin PBXVariantGroup section */
		297F74E22382162C00E51C97 /* LaunchScreen.storyboard */ = {
			isa = PBXVariantGroup;
			children = (
				297F74E32382162C00E51C97 /* Base */,
			);
			name = LaunchScreen.storyboard;
			sourceTree = "<group>";
		};
/* End PBXVariantGroup section */

/* Begin XCBuildConfiguration section */
		297F74E62382162C00E51C97 /* Debug */ = {
			isa = XCBuildConfiguration;
			buildSettings = {
				ALWAYS_SEARCH_USER_PATHS = NO;
				CLANG_ANALYZER_NONNULL = YES;
				CLANG_ANALYZER_NUMBER_OBJECT_CONVERSION = YES_AGGRESSIVE;
				CLANG_CXX_LANGUAGE_STANDARD = "gnu++14";
				CLANG_CXX_LIBRARY = "libc++";
				CLANG_ENABLE_MODULES = YES;
				CLANG_ENABLE_OBJC_ARC = YES;
				CLANG_ENABLE_OBJC_WEAK = YES;
				CLANG_WARN_BLOCK_CAPTURE_AUTORELEASING = YES;
				CLANG_WARN_BOOL_CONVERSION = YES;
				CLANG_WARN_COMMA = YES;
				CLANG_WARN_CONSTANT_CONVERSION = YES;
				CLANG_WARN_DEPRECATED_OBJC_IMPLEMENTATIONS = YES;
				CLANG_WARN_DIRECT_OBJC_ISA_USAGE = YES_ERROR;
				CLANG_WARN_DOCUMENTATION_COMMENTS = YES;
				CLANG_WARN_EMPTY_BODY = YES;
				CLANG_WARN_ENUM_CONVERSION = YES;
				CLANG_WARN_INFINITE_RECURSION = YES;
				CLANG_WARN_INT_CONVERSION = YES;
				CLANG_WARN_NON_LITERAL_NULL_CONVERSION = YES;
				CLANG_WARN_OBJC_IMPLICIT_RETAIN_SELF = YES;
				CLANG_WARN_OBJC_LITERAL_CONVERSION = YES;
				CLANG_WARN_OBJC_ROOT_CLASS = YES_ERROR;
				CLANG_WARN_RANGE_LOOP_ANALYSIS = YES;
				CLANG_WARN_STRICT_PROTOTYPES = YES;
				CLANG_WARN_SUSPICIOUS_MOVE = YES;
				CLANG_WARN_UNGUARDED_AVAILABILITY = YES_AGGRESSIVE;
				CLANG_WARN_UNREACHABLE_CODE = YES;
				CLANG_WARN__DUPLICATE_METHOD_MATCH = YES;
				COPY_PHASE_STRIP = NO;
				DEBUG_INFORMATION_FORMAT = dwarf;
				ENABLE_STRICT_OBJC_MSGSEND = YES;
				ENABLE_TESTABILITY = YES;
				GCC_C_LANGUAGE_STANDARD = gnu11;
				GCC_DYNAMIC_NO_PIC = NO;
				GCC_NO_COMMON_BLOCKS = YES;
				GCC_OPTIMIZATION_LEVEL = 0;
				GCC_PREPROCESSOR_DEFINITIONS = (
					"DEBUG=1",
					"$(inherited)",
				);
				GCC_WARN_64_TO_32_BIT_CONVERSION = YES;
				GCC_WARN_ABOUT_RETURN_TYPE = YES_ERROR;
				GCC_WARN_UNDECLARED_SELECTOR = YES;
				GCC_WARN_UNINITIALIZED_AUTOS = YES_AGGRESSIVE;
				GCC_WARN_UNUSED_FUNCTION = YES;
				GCC_WARN_UNUSED_VARIABLE = YES;
				IPHONEOS_DEPLOYMENT_TARGET = 13.1;
				MTL_ENABLE_DEBUG_INFO = INCLUDE_SOURCE;
				MTL_FAST_MATH = YES;
				ONLY_ACTIVE_ARCH = YES;
				SDKROOT = iphoneos;
				SWIFT_ACTIVE_COMPILATION_CONDITIONS = DEBUG;
				SWIFT_OPTIMIZATION_LEVEL = "-Onone";
			};
			name = Debug;
		};
		297F74E72382162C00E51C97 /* Release */ = {
			isa = XCBuildConfiguration;
			buildSettings = {
				ALWAYS_SEARCH_USER_PATHS = NO;
				CLANG_ANALYZER_NONNULL = YES;
				CLANG_ANALYZER_NUMBER_OBJECT_CONVERSION = YES_AGGRESSIVE;
				CLANG_CXX_LANGUAGE_STANDARD = "gnu++14";
				CLANG_CXX_LIBRARY = "libc++";
				CLANG_ENABLE_MODULES = YES;
				CLANG_ENABLE_OBJC_ARC = YES;
				CLANG_ENABLE_OBJC_WEAK = YES;
				CLANG_WARN_BLOCK_CAPTURE_AUTORELEASING = YES;
				CLANG_WARN_BOOL_CONVERSION = YES;
				CLANG_WARN_COMMA = YES;
				CLANG_WARN_CONSTANT_CONVERSION = YES;
				CLANG_WARN_DEPRECATED_OBJC_IMPLEMENTATIONS = YES;
				CLANG_WARN_DIRECT_OBJC_ISA_USAGE = YES_ERROR;
				CLANG_WARN_DOCUMENTATION_COMMENTS = YES;
				CLANG_WARN_EMPTY_BODY = YES;
				CLANG_WARN_ENUM_CONVERSION = YES;
				CLANG_WARN_INFINITE_RECURSION = YES;
				CLANG_WARN_INT_CONVERSION = YES;
				CLANG_WARN_NON_LITERAL_NULL_CONVERSION = YES;
				CLANG_WARN_OBJC_IMPLICIT_RETAIN_SELF = YES;
				CLANG_WARN_OBJC_LITERAL_CONVERSION = YES;
				CLANG_WARN_OBJC_ROOT_CLASS = YES_ERROR;
				CLANG_WARN_RANGE_LOOP_ANALYSIS = YES;
				CLANG_WARN_STRICT_PROTOTYPES = YES;
				CLANG_WARN_SUSPICIOUS_MOVE = YES;
				CLANG_WARN_UNGUARDED_AVAILABILITY = YES_AGGRESSIVE;
				CLANG_WARN_UNREACHABLE_CODE = YES;
				CLANG_WARN__DUPLICATE_METHOD_MATCH = YES;
				COPY_PHASE_STRIP = NO;
				DEBUG_INFORMATION_FORMAT = "dwarf-with-dsym";
				ENABLE_NS_ASSERTIONS = NO;
				ENABLE_STRICT_OBJC_MSGSEND = YES;
				GCC_C_LANGUAGE_STANDARD = gnu11;
				GCC_NO_COMMON_BLOCKS = YES;
				GCC_WARN_64_TO_32_BIT_CONVERSION = YES;
				GCC_WARN_ABOUT_RETURN_TYPE = YES_ERROR;
				GCC_WARN_UNDECLARED_SELECTOR = YES;
				GCC_WARN_UNINITIALIZED_AUTOS = YES_AGGRESSIVE;
				GCC_WARN_UNUSED_FUNCTION = YES;
				GCC_WARN_UNUSED_VARIABLE = YES;
				IPHONEOS_DEPLOYMENT_TARGET = 13.1;
				MTL_ENABLE_DEBUG_INFO = NO;
				MTL_FAST_MATH = YES;
				SDKROOT = iphoneos;
				SWIFT_COMPILATION_MODE = wholemodule;
				SWIFT_OPTIMIZATION_LEVEL = "-O";
				VALIDATE_PRODUCT = YES;
			};
			name = Release;
		};
		297F74E92382162C00E51C97 /* Debug */ = {
			isa = XCBuildConfiguration;
			baseConfigurationReference = CCBE518E4DD856894B64087A /* Pods-FormBuilding.debug.xcconfig */;
			buildSettings = {
				ASSETCATALOG_COMPILER_APPICON_NAME = AppIcon;
				CODE_SIGN_STYLE = Automatic;
				DEVELOPMENT_ASSET_PATHS = "\"FormBuilding/Preview Content\"";
				DEVELOPMENT_TEAM = ZRS4434NW6;
				ENABLE_PREVIEWS = YES;
				INFOPLIST_FILE = FormBuilding/Info.plist;
				LD_RUNPATH_SEARCH_PATHS = (
					"$(inherited)",
					"@executable_path/Frameworks",
				);
				PRODUCT_BUNDLE_IDENTIFIER = com.FormBuilding.app.FormBuilding;
				PRODUCT_NAME = "$(TARGET_NAME)";
				SWIFT_VERSION = 5.0;
				TARGETED_DEVICE_FAMILY = "1,2";
			};
			name = Debug;
		};
		297F74EA2382162C00E51C97 /* Release */ = {
			isa = XCBuildConfiguration;
			baseConfigurationReference = 3E9A16597B67CBC1C248F8DB /* Pods-FormBuilding.release.xcconfig */;
			buildSettings = {
				ASSETCATALOG_COMPILER_APPICON_NAME = AppIcon;
				CODE_SIGN_STYLE = Automatic;
				DEVELOPMENT_ASSET_PATHS = "\"FormBuilding/Preview Content\"";
				DEVELOPMENT_TEAM = ZRS4434NW6;
				ENABLE_PREVIEWS = YES;
				INFOPLIST_FILE = FormBuilding/Info.plist;
				LD_RUNPATH_SEARCH_PATHS = (
					"$(inherited)",
					"@executable_path/Frameworks",
				);
				PRODUCT_BUNDLE_IDENTIFIER = com.FormBuilding.app.FormBuilding;
				PRODUCT_NAME = "$(TARGET_NAME)";
				SWIFT_VERSION = 5.0;
				TARGETED_DEVICE_FAMILY = "1,2";
			};
			name = Release;
		};
/* End XCBuildConfiguration section */

/* Begin XCConfigurationList section */
		297F74CF2382162800E51C97 /* Build configuration list for PBXProject "FormBuilding" */ = {
			isa = XCConfigurationList;
			buildConfigurations = (
				297F74E62382162C00E51C97 /* Debug */,
				297F74E72382162C00E51C97 /* Release */,
			);
			defaultConfigurationIsVisible = 0;
			defaultConfigurationName = Release;
		};
		297F74E82382162C00E51C97 /* Build configuration list for PBXNativeTarget "FormBuilding" */ = {
			isa = XCConfigurationList;
			buildConfigurations = (
				297F74E92382162C00E51C97 /* Debug */,
				297F74EA2382162C00E51C97 /* Release */,
			);
			defaultConfigurationIsVisible = 0;
			defaultConfigurationName = Release;
		};
/* End XCConfigurationList section */
	};
	rootObject = 297F74CC2382162800E51C97 /* Project object */;
}
